// !$*UTF8*$!
{
	archiveVersion = 1;
	classes = {
	};
	objectVersion = 51;
	objects = {

/* Begin PBXAggregateTarget section */
		2F5F795224BF413B0076D66B /* OCLint */ = {
			isa = PBXAggregateTarget;
			buildConfigurationList = 2F5F795324BF413B0076D66B /* Build configuration list for PBXAggregateTarget "OCLint" */;
			buildPhases = (
				2F5F795624BF41490076D66B /* ShellScript */,
			);
			dependencies = (
			);
			name = OCLint;
			productName = OCLint;
		};
/* End PBXAggregateTarget section */

/* Begin PBXBuildFile section */
		10DAD584BCC8CFFD1655044D /* Pods_SpotifyParty.framework in Frameworks */ = {isa = PBXBuildFile; fileRef = 4AA7ED302F86CE5E246E0B4F /* Pods_SpotifyParty.framework */; };
		2F09814F24D892B700B442FC /* EventQueue.m in Sources */ = {isa = PBXBuildFile; fileRef = 2F09814D24D892B700B442FC /* EventQueue.m */; };
		2F1015F324C6072B00F1C78F /* NewEventViewController.m in Sources */ = {isa = PBXBuildFile; fileRef = 2F1015F224C6072B00F1C78F /* NewEventViewController.m */; };
		2F1015F924C76F0E00F1C78F /* User.m in Sources */ = {isa = PBXBuildFile; fileRef = 2F1015F824C76F0E00F1C78F /* User.m */; };
		2F1015FC24C77A1300F1C78F /* Event.m in Sources */ = {isa = PBXBuildFile; fileRef = 2F1015FB24C77A1300F1C78F /* Event.m */; };
		2F1015FF24C7C55400F1C78F /* FindEventsViewController.m in Sources */ = {isa = PBXBuildFile; fileRef = 2F1015FE24C7C55400F1C78F /* FindEventsViewController.m */; };
		2F10160224C7C6F300F1C78F /* EventTableViewCell.m in Sources */ = {isa = PBXBuildFile; fileRef = 2F10160124C7C6F300F1C78F /* EventTableViewCell.m */; };
		2F1D584424BE81A40035283A /* LoginViewController.m in Sources */ = {isa = PBXBuildFile; fileRef = 2F1D584324BE81A40035283A /* LoginViewController.m */; };
		2F4611C624D223E000B5B542 /* AddedSongs.m in Sources */ = {isa = PBXBuildFile; fileRef = 2F4611C524D223E000B5B542 /* AddedSongs.m */; };
		2F52815C24BE2C4D00A52A95 /* AppDelegate.m in Sources */ = {isa = PBXBuildFile; fileRef = 2F52815B24BE2C4D00A52A95 /* AppDelegate.m */; };
		2F52815F24BE2C4D00A52A95 /* SceneDelegate.m in Sources */ = {isa = PBXBuildFile; fileRef = 2F52815E24BE2C4D00A52A95 /* SceneDelegate.m */; };
		2F52816524BE2C4D00A52A95 /* Main.storyboard in Resources */ = {isa = PBXBuildFile; fileRef = 2F52816324BE2C4D00A52A95 /* Main.storyboard */; };
		2F52816724BE2C4E00A52A95 /* Assets.xcassets in Resources */ = {isa = PBXBuildFile; fileRef = 2F52816624BE2C4E00A52A95 /* Assets.xcassets */; };
		2F52816A24BE2C4E00A52A95 /* LaunchScreen.storyboard in Resources */ = {isa = PBXBuildFile; fileRef = 2F52816824BE2C4E00A52A95 /* LaunchScreen.storyboard */; };
		2F52816D24BE2C4E00A52A95 /* main.m in Sources */ = {isa = PBXBuildFile; fileRef = 2F52816C24BE2C4E00A52A95 /* main.m */; };
		2F52817724BE2C4F00A52A95 /* SpotifyPartyTests.m in Sources */ = {isa = PBXBuildFile; fileRef = 2F52817624BE2C4F00A52A95 /* SpotifyPartyTests.m */; };
		2F52818224BE2C4F00A52A95 /* SpotifyPartyUITests.m in Sources */ = {isa = PBXBuildFile; fileRef = 2F52818124BE2C4F00A52A95 /* SpotifyPartyUITests.m */; };
		2F65469924D73DC6007A6B2D /* EventHostViewController.m in Sources */ = {isa = PBXBuildFile; fileRef = 2F65469824D73DC6007A6B2D /* EventHostViewController.m */; };
		2F6C8FAF24CA4B9E004D5932 /* Playlist.m in Sources */ = {isa = PBXBuildFile; fileRef = 2F6C8FAE24CA4B9E004D5932 /* Playlist.m */; };
		2F7C295424D0C438005EC324 /* HostViewController.m in Sources */ = {isa = PBXBuildFile; fileRef = 2F7C295324D0C438005EC324 /* HostViewController.m */; };
		2F7F77C424CFA95E002C64F8 /* Song.m in Sources */ = {isa = PBXBuildFile; fileRef = 2F7F77C324CFA95E002C64F8 /* Song.m */; };
		2F7F77C724CFBC10002C64F8 /* SongTableViewCell.m in Sources */ = {isa = PBXBuildFile; fileRef = 2F7F77C624CFBC10002C64F8 /* SongTableViewCell.m */; };
		2FD4B58724BF99B4005380FD /* SpotifyiOS.framework in Frameworks */ = {isa = PBXBuildFile; fileRef = 2FD4B58624BF99B4005380FD /* SpotifyiOS.framework */; };
		2FE1E9D024CBA0440082D96C /* EventViewController.m in Sources */ = {isa = PBXBuildFile; fileRef = 2FE1E9CF24CBA0440082D96C /* EventViewController.m */; };
		2FFA2C8D24C9EE30005D44F8 /* APIManager.m in Sources */ = {isa = PBXBuildFile; fileRef = 2FFA2C8C24C9EE30005D44F8 /* APIManager.m */; };
		8DB6F07DC8ECBC7693CE3B72 /* Pods_SpotifyParty_SpotifyPartyUITests.framework in Frameworks */ = {isa = PBXBuildFile; fileRef = 567B0D2168D64C3E98082C56 /* Pods_SpotifyParty_SpotifyPartyUITests.framework */; };
		C3BCBA01C3504C9E639C2087 /* Pods_SpotifyPartyTests.framework in Frameworks */ = {isa = PBXBuildFile; fileRef = 9652393B4DE5B8328CED638B /* Pods_SpotifyPartyTests.framework */; };
/* End PBXBuildFile section */

/* Begin PBXContainerItemProxy section */
		2F52817324BE2C4F00A52A95 /* PBXContainerItemProxy */ = {
			isa = PBXContainerItemProxy;
			containerPortal = 2F52814F24BE2C4D00A52A95 /* Project object */;
			proxyType = 1;
			remoteGlobalIDString = 2F52815624BE2C4D00A52A95;
			remoteInfo = SpotifyParty;
		};
		2F52817E24BE2C4F00A52A95 /* PBXContainerItemProxy */ = {
			isa = PBXContainerItemProxy;
			containerPortal = 2F52814F24BE2C4D00A52A95 /* Project object */;
			proxyType = 1;
			remoteGlobalIDString = 2F52815624BE2C4D00A52A95;
			remoteInfo = SpotifyParty;
		};
/* End PBXContainerItemProxy section */

/* Begin PBXFileReference section */
		28D92334B4D60C9F05FF1723 /* Pods-SpotifyParty-SpotifyPartyUITests.debug.xcconfig */ = {isa = PBXFileReference; includeInIndex = 1; lastKnownFileType = text.xcconfig; name = "Pods-SpotifyParty-SpotifyPartyUITests.debug.xcconfig"; path = "Target Support Files/Pods-SpotifyParty-SpotifyPartyUITests/Pods-SpotifyParty-SpotifyPartyUITests.debug.xcconfig"; sourceTree = "<group>"; };
		2E0DBB422C8DD9DB248F673F /* Pods-SpotifyParty-SpotifyPartyUITests.release.xcconfig */ = {isa = PBXFileReference; includeInIndex = 1; lastKnownFileType = text.xcconfig; name = "Pods-SpotifyParty-SpotifyPartyUITests.release.xcconfig"; path = "Target Support Files/Pods-SpotifyParty-SpotifyPartyUITests/Pods-SpotifyParty-SpotifyPartyUITests.release.xcconfig"; sourceTree = "<group>"; };
		2F09814D24D892B700B442FC /* EventQueue.m */ = {isa = PBXFileReference; fileEncoding = 4; lastKnownFileType = sourcecode.c.objc; path = EventQueue.m; sourceTree = "<group>"; };
		2F09814E24D892B700B442FC /* EventQueue.h */ = {isa = PBXFileReference; fileEncoding = 4; lastKnownFileType = sourcecode.c.h; path = EventQueue.h; sourceTree = "<group>"; };
		2F1015F124C6072B00F1C78F /* NewEventViewController.h */ = {isa = PBXFileReference; lastKnownFileType = sourcecode.c.h; path = NewEventViewController.h; sourceTree = "<group>"; };
		2F1015F224C6072B00F1C78F /* NewEventViewController.m */ = {isa = PBXFileReference; lastKnownFileType = sourcecode.c.objc; path = NewEventViewController.m; sourceTree = "<group>"; };
		2F1015F724C76F0E00F1C78F /* User.h */ = {isa = PBXFileReference; lastKnownFileType = sourcecode.c.h; path = User.h; sourceTree = "<group>"; };
		2F1015F824C76F0E00F1C78F /* User.m */ = {isa = PBXFileReference; lastKnownFileType = sourcecode.c.objc; path = User.m; sourceTree = "<group>"; };
		2F1015FA24C77A1300F1C78F /* Event.h */ = {isa = PBXFileReference; lastKnownFileType = sourcecode.c.h; path = Event.h; sourceTree = "<group>"; };
		2F1015FB24C77A1300F1C78F /* Event.m */ = {isa = PBXFileReference; lastKnownFileType = sourcecode.c.objc; path = Event.m; sourceTree = "<group>"; };
		2F1015FD24C7C55400F1C78F /* FindEventsViewController.h */ = {isa = PBXFileReference; lastKnownFileType = sourcecode.c.h; path = FindEventsViewController.h; sourceTree = "<group>"; };
		2F1015FE24C7C55400F1C78F /* FindEventsViewController.m */ = {isa = PBXFileReference; lastKnownFileType = sourcecode.c.objc; path = FindEventsViewController.m; sourceTree = "<group>"; };
		2F10160024C7C6F300F1C78F /* EventTableViewCell.h */ = {isa = PBXFileReference; lastKnownFileType = sourcecode.c.h; path = EventTableViewCell.h; sourceTree = "<group>"; };
		2F10160124C7C6F300F1C78F /* EventTableViewCell.m */ = {isa = PBXFileReference; lastKnownFileType = sourcecode.c.objc; path = EventTableViewCell.m; sourceTree = "<group>"; };
		2F1D584224BE81A40035283A /* LoginViewController.h */ = {isa = PBXFileReference; lastKnownFileType = sourcecode.c.h; path = LoginViewController.h; sourceTree = "<group>"; };
		2F1D584324BE81A40035283A /* LoginViewController.m */ = {isa = PBXFileReference; lastKnownFileType = sourcecode.c.objc; path = LoginViewController.m; sourceTree = "<group>"; };
		2F4611C424D223E000B5B542 /* AddedSongs.h */ = {isa = PBXFileReference; lastKnownFileType = sourcecode.c.h; path = AddedSongs.h; sourceTree = "<group>"; };
		2F4611C524D223E000B5B542 /* AddedSongs.m */ = {isa = PBXFileReference; lastKnownFileType = sourcecode.c.objc; path = AddedSongs.m; sourceTree = "<group>"; };
		2F52815724BE2C4D00A52A95 /* SpotifyParty.app */ = {isa = PBXFileReference; explicitFileType = wrapper.application; includeInIndex = 0; path = SpotifyParty.app; sourceTree = BUILT_PRODUCTS_DIR; };
		2F52815A24BE2C4D00A52A95 /* AppDelegate.h */ = {isa = PBXFileReference; lastKnownFileType = sourcecode.c.h; path = AppDelegate.h; sourceTree = "<group>"; };
		2F52815B24BE2C4D00A52A95 /* AppDelegate.m */ = {isa = PBXFileReference; lastKnownFileType = sourcecode.c.objc; path = AppDelegate.m; sourceTree = "<group>"; };
		2F52815D24BE2C4D00A52A95 /* SceneDelegate.h */ = {isa = PBXFileReference; lastKnownFileType = sourcecode.c.h; path = SceneDelegate.h; sourceTree = "<group>"; };
		2F52815E24BE2C4D00A52A95 /* SceneDelegate.m */ = {isa = PBXFileReference; lastKnownFileType = sourcecode.c.objc; path = SceneDelegate.m; sourceTree = "<group>"; };
		2F52816424BE2C4D00A52A95 /* Base */ = {isa = PBXFileReference; lastKnownFileType = file.storyboard; name = Base; path = Base.lproj/Main.storyboard; sourceTree = "<group>"; };
		2F52816624BE2C4E00A52A95 /* Assets.xcassets */ = {isa = PBXFileReference; lastKnownFileType = folder.assetcatalog; path = Assets.xcassets; sourceTree = "<group>"; };
		2F52816924BE2C4E00A52A95 /* Base */ = {isa = PBXFileReference; lastKnownFileType = file.storyboard; name = Base; path = Base.lproj/LaunchScreen.storyboard; sourceTree = "<group>"; };
		2F52816B24BE2C4E00A52A95 /* Info.plist */ = {isa = PBXFileReference; lastKnownFileType = text.plist.xml; path = Info.plist; sourceTree = "<group>"; };
		2F52816C24BE2C4E00A52A95 /* main.m */ = {isa = PBXFileReference; lastKnownFileType = sourcecode.c.objc; path = main.m; sourceTree = "<group>"; };
		2F52817224BE2C4F00A52A95 /* SpotifyPartyTests.xctest */ = {isa = PBXFileReference; explicitFileType = wrapper.cfbundle; includeInIndex = 0; path = SpotifyPartyTests.xctest; sourceTree = BUILT_PRODUCTS_DIR; };
		2F52817624BE2C4F00A52A95 /* SpotifyPartyTests.m */ = {isa = PBXFileReference; lastKnownFileType = sourcecode.c.objc; path = SpotifyPartyTests.m; sourceTree = "<group>"; };
		2F52817824BE2C4F00A52A95 /* Info.plist */ = {isa = PBXFileReference; lastKnownFileType = text.plist.xml; path = Info.plist; sourceTree = "<group>"; };
		2F52817D24BE2C4F00A52A95 /* SpotifyPartyUITests.xctest */ = {isa = PBXFileReference; explicitFileType = wrapper.cfbundle; includeInIndex = 0; path = SpotifyPartyUITests.xctest; sourceTree = BUILT_PRODUCTS_DIR; };
		2F52818124BE2C4F00A52A95 /* SpotifyPartyUITests.m */ = {isa = PBXFileReference; lastKnownFileType = sourcecode.c.objc; path = SpotifyPartyUITests.m; sourceTree = "<group>"; };
		2F52818324BE2C4F00A52A95 /* Info.plist */ = {isa = PBXFileReference; lastKnownFileType = text.plist.xml; path = Info.plist; sourceTree = "<group>"; };
		2F5F795124BF40F60076D66B /* SpotifyParty copy-Info.plist */ = {isa = PBXFileReference; lastKnownFileType = text.plist.xml; name = "SpotifyParty copy-Info.plist"; path = "/Users/diegojrr/Desktop/CodePath iOS Training/Personal Project/SpotifyParty/SpotifyParty copy-Info.plist"; sourceTree = "<absolute>"; };
		2F65469724D73DC6007A6B2D /* EventHostViewController.h */ = {isa = PBXFileReference; lastKnownFileType = sourcecode.c.h; path = EventHostViewController.h; sourceTree = "<group>"; };
		2F65469824D73DC6007A6B2D /* EventHostViewController.m */ = {isa = PBXFileReference; lastKnownFileType = sourcecode.c.objc; path = EventHostViewController.m; sourceTree = "<group>"; };
		2F6C8FAD24CA4B9E004D5932 /* Playlist.h */ = {isa = PBXFileReference; lastKnownFileType = sourcecode.c.h; path = Playlist.h; sourceTree = "<group>"; };
		2F6C8FAE24CA4B9E004D5932 /* Playlist.m */ = {isa = PBXFileReference; lastKnownFileType = sourcecode.c.objc; path = Playlist.m; sourceTree = "<group>"; };
		2F7C295224D0C438005EC324 /* HostViewController.h */ = {isa = PBXFileReference; lastKnownFileType = sourcecode.c.h; path = HostViewController.h; sourceTree = "<group>"; };
		2F7C295324D0C438005EC324 /* HostViewController.m */ = {isa = PBXFileReference; lastKnownFileType = sourcecode.c.objc; path = HostViewController.m; sourceTree = "<group>"; };
		2F7F77C224CFA95E002C64F8 /* Song.h */ = {isa = PBXFileReference; lastKnownFileType = sourcecode.c.h; path = Song.h; sourceTree = "<group>"; };
		2F7F77C324CFA95E002C64F8 /* Song.m */ = {isa = PBXFileReference; lastKnownFileType = sourcecode.c.objc; path = Song.m; sourceTree = "<group>"; };
		2F7F77C524CFBC10002C64F8 /* SongTableViewCell.h */ = {isa = PBXFileReference; lastKnownFileType = sourcecode.c.h; path = SongTableViewCell.h; sourceTree = "<group>"; };
		2F7F77C624CFBC10002C64F8 /* SongTableViewCell.m */ = {isa = PBXFileReference; lastKnownFileType = sourcecode.c.objc; path = SongTableViewCell.m; sourceTree = "<group>"; };
		2FD4B58624BF99B4005380FD /* SpotifyiOS.framework */ = {isa = PBXFileReference; lastKnownFileType = wrapper.framework; path = SpotifyiOS.framework; sourceTree = "<group>"; };
		2FE1E9CE24CBA0430082D96C /* EventViewController.h */ = {isa = PBXFileReference; lastKnownFileType = sourcecode.c.h; path = EventViewController.h; sourceTree = "<group>"; };
		2FE1E9CF24CBA0440082D96C /* EventViewController.m */ = {isa = PBXFileReference; lastKnownFileType = sourcecode.c.objc; path = EventViewController.m; sourceTree = "<group>"; };
		2FFA2C8B24C9EE30005D44F8 /* APIManager.h */ = {isa = PBXFileReference; lastKnownFileType = sourcecode.c.h; path = APIManager.h; sourceTree = "<group>"; };
		2FFA2C8C24C9EE30005D44F8 /* APIManager.m */ = {isa = PBXFileReference; lastKnownFileType = sourcecode.c.objc; path = APIManager.m; sourceTree = "<group>"; };
		3E5562773B6C0EFEE8FD6B16 /* Pods-SpotifyParty.release.xcconfig */ = {isa = PBXFileReference; includeInIndex = 1; lastKnownFileType = text.xcconfig; name = "Pods-SpotifyParty.release.xcconfig"; path = "Target Support Files/Pods-SpotifyParty/Pods-SpotifyParty.release.xcconfig"; sourceTree = "<group>"; };
		4AA7ED302F86CE5E246E0B4F /* Pods_SpotifyParty.framework */ = {isa = PBXFileReference; explicitFileType = wrapper.framework; includeInIndex = 0; path = Pods_SpotifyParty.framework; sourceTree = BUILT_PRODUCTS_DIR; };
		4E8CE222EA9D9EC2194C923C /* Pods-SpotifyPartyTests.debug.xcconfig */ = {isa = PBXFileReference; includeInIndex = 1; lastKnownFileType = text.xcconfig; name = "Pods-SpotifyPartyTests.debug.xcconfig"; path = "Target Support Files/Pods-SpotifyPartyTests/Pods-SpotifyPartyTests.debug.xcconfig"; sourceTree = "<group>"; };
		567B0D2168D64C3E98082C56 /* Pods_SpotifyParty_SpotifyPartyUITests.framework */ = {isa = PBXFileReference; explicitFileType = wrapper.framework; includeInIndex = 0; path = Pods_SpotifyParty_SpotifyPartyUITests.framework; sourceTree = BUILT_PRODUCTS_DIR; };
		9652393B4DE5B8328CED638B /* Pods_SpotifyPartyTests.framework */ = {isa = PBXFileReference; explicitFileType = wrapper.framework; includeInIndex = 0; path = Pods_SpotifyPartyTests.framework; sourceTree = BUILT_PRODUCTS_DIR; };
		C157C646ADD97EBDD7485FA4 /* Pods-SpotifyParty.debug.xcconfig */ = {isa = PBXFileReference; includeInIndex = 1; lastKnownFileType = text.xcconfig; name = "Pods-SpotifyParty.debug.xcconfig"; path = "Target Support Files/Pods-SpotifyParty/Pods-SpotifyParty.debug.xcconfig"; sourceTree = "<group>"; };
		F534E77D296C476E1A089E88 /* Pods-SpotifyPartyTests.release.xcconfig */ = {isa = PBXFileReference; includeInIndex = 1; lastKnownFileType = text.xcconfig; name = "Pods-SpotifyPartyTests.release.xcconfig"; path = "Target Support Files/Pods-SpotifyPartyTests/Pods-SpotifyPartyTests.release.xcconfig"; sourceTree = "<group>"; };
/* End PBXFileReference section */

/* Begin PBXFrameworksBuildPhase section */
		2F52815424BE2C4D00A52A95 /* Frameworks */ = {
			isa = PBXFrameworksBuildPhase;
			buildActionMask = 2147483647;
			files = (
				10DAD584BCC8CFFD1655044D /* Pods_SpotifyParty.framework in Frameworks */,
				2FD4B58724BF99B4005380FD /* SpotifyiOS.framework in Frameworks */,
			);
			runOnlyForDeploymentPostprocessing = 0;
		};
		2F52816F24BE2C4F00A52A95 /* Frameworks */ = {
			isa = PBXFrameworksBuildPhase;
			buildActionMask = 2147483647;
			files = (
				C3BCBA01C3504C9E639C2087 /* Pods_SpotifyPartyTests.framework in Frameworks */,
			);
			runOnlyForDeploymentPostprocessing = 0;
		};
		2F52817A24BE2C4F00A52A95 /* Frameworks */ = {
			isa = PBXFrameworksBuildPhase;
			buildActionMask = 2147483647;
			files = (
				8DB6F07DC8ECBC7693CE3B72 /* Pods_SpotifyParty_SpotifyPartyUITests.framework in Frameworks */,
			);
			runOnlyForDeploymentPostprocessing = 0;
		};
/* End PBXFrameworksBuildPhase section */

/* Begin PBXGroup section */
		2F14A3EE24CA44EE00FCA8F1 /* API */ = {
			isa = PBXGroup;
			children = (
				2FFA2C8B24C9EE30005D44F8 /* APIManager.h */,
				2FFA2C8C24C9EE30005D44F8 /* APIManager.m */,
			);
			path = API;
			sourceTree = "<group>";
		};
		2F1D583E24BE801B0035283A /* Models */ = {
			isa = PBXGroup;
			children = (
				2F09814E24D892B700B442FC /* EventQueue.h */,
				2F09814D24D892B700B442FC /* EventQueue.m */,
				2F1015F724C76F0E00F1C78F /* User.h */,
				2F1015F824C76F0E00F1C78F /* User.m */,
				2F1015FA24C77A1300F1C78F /* Event.h */,
				2F1015FB24C77A1300F1C78F /* Event.m */,
				2F6C8FAD24CA4B9E004D5932 /* Playlist.h */,
				2F6C8FAE24CA4B9E004D5932 /* Playlist.m */,
				2F7F77C224CFA95E002C64F8 /* Song.h */,
				2F7F77C324CFA95E002C64F8 /* Song.m */,
				2F4611C424D223E000B5B542 /* AddedSongs.h */,
				2F4611C524D223E000B5B542 /* AddedSongs.m */,
			);
			path = Models;
			sourceTree = "<group>";
		};
		2F1D583F24BE80230035283A /* Views */ = {
			isa = PBXGroup;
			children = (
				2F10160024C7C6F300F1C78F /* EventTableViewCell.h */,
				2F10160124C7C6F300F1C78F /* EventTableViewCell.m */,
				2F7F77C524CFBC10002C64F8 /* SongTableViewCell.h */,
				2F7F77C624CFBC10002C64F8 /* SongTableViewCell.m */,
			);
			path = Views;
			sourceTree = "<group>";
		};
		2F1D584124BE80350035283A /* View Controllers */ = {
			isa = PBXGroup;
			children = (
				2F1D584224BE81A40035283A /* LoginViewController.h */,
				2F1D584324BE81A40035283A /* LoginViewController.m */,
				2F1015F124C6072B00F1C78F /* NewEventViewController.h */,
				2F1015F224C6072B00F1C78F /* NewEventViewController.m */,
				2F1015FD24C7C55400F1C78F /* FindEventsViewController.h */,
				2F1015FE24C7C55400F1C78F /* FindEventsViewController.m */,
				2FE1E9CE24CBA0430082D96C /* EventViewController.h */,
				2FE1E9CF24CBA0440082D96C /* EventViewController.m */,
				2F7C295224D0C438005EC324 /* HostViewController.h */,
				2F7C295324D0C438005EC324 /* HostViewController.m */,
				2F65469724D73DC6007A6B2D /* EventHostViewController.h */,
				2F65469824D73DC6007A6B2D /* EventHostViewController.m */,
			);
			path = "View Controllers";
			sourceTree = "<group>";
		};
		2F52814E24BE2C4D00A52A95 = {
			isa = PBXGroup;
			children = (
				2F52815924BE2C4D00A52A95 /* SpotifyParty */,
				2F52817524BE2C4F00A52A95 /* SpotifyPartyTests */,
				2F52818024BE2C4F00A52A95 /* SpotifyPartyUITests */,
				2F52815824BE2C4D00A52A95 /* Products */,
				744296B3574F02E29C0C4094 /* Pods */,
				A20342D636B225F7EE7647FB /* Frameworks */,
				2F5F795124BF40F60076D66B /* SpotifyParty copy-Info.plist */,
			);
			sourceTree = "<group>";
		};
		2F52815824BE2C4D00A52A95 /* Products */ = {
			isa = PBXGroup;
			children = (
				2F52815724BE2C4D00A52A95 /* SpotifyParty.app */,
				2F52817224BE2C4F00A52A95 /* SpotifyPartyTests.xctest */,
				2F52817D24BE2C4F00A52A95 /* SpotifyPartyUITests.xctest */,
			);
			name = Products;
			sourceTree = "<group>";
		};
		2F52815924BE2C4D00A52A95 /* SpotifyParty */ = {
			isa = PBXGroup;
			children = (
				2F14A3EE24CA44EE00FCA8F1 /* API */,
				2F1D584124BE80350035283A /* View Controllers */,
				2F1D583F24BE80230035283A /* Views */,
				2F1D583E24BE801B0035283A /* Models */,
				2F52815A24BE2C4D00A52A95 /* AppDelegate.h */,
				2F52815B24BE2C4D00A52A95 /* AppDelegate.m */,
				2F52815D24BE2C4D00A52A95 /* SceneDelegate.h */,
				2F52815E24BE2C4D00A52A95 /* SceneDelegate.m */,
				2F52816324BE2C4D00A52A95 /* Main.storyboard */,
				2F52816624BE2C4E00A52A95 /* Assets.xcassets */,
				2F52816824BE2C4E00A52A95 /* LaunchScreen.storyboard */,
				2F52816B24BE2C4E00A52A95 /* Info.plist */,
				2F52816C24BE2C4E00A52A95 /* main.m */,
			);
			path = SpotifyParty;
			sourceTree = "<group>";
		};
		2F52817524BE2C4F00A52A95 /* SpotifyPartyTests */ = {
			isa = PBXGroup;
			children = (
				2F52817624BE2C4F00A52A95 /* SpotifyPartyTests.m */,
				2F52817824BE2C4F00A52A95 /* Info.plist */,
			);
			path = SpotifyPartyTests;
			sourceTree = "<group>";
		};
		2F52818024BE2C4F00A52A95 /* SpotifyPartyUITests */ = {
			isa = PBXGroup;
			children = (
				2F52818124BE2C4F00A52A95 /* SpotifyPartyUITests.m */,
				2F52818324BE2C4F00A52A95 /* Info.plist */,
			);
			path = SpotifyPartyUITests;
			sourceTree = "<group>";
		};
		744296B3574F02E29C0C4094 /* Pods */ = {
			isa = PBXGroup;
			children = (
				C157C646ADD97EBDD7485FA4 /* Pods-SpotifyParty.debug.xcconfig */,
				3E5562773B6C0EFEE8FD6B16 /* Pods-SpotifyParty.release.xcconfig */,
				28D92334B4D60C9F05FF1723 /* Pods-SpotifyParty-SpotifyPartyUITests.debug.xcconfig */,
				2E0DBB422C8DD9DB248F673F /* Pods-SpotifyParty-SpotifyPartyUITests.release.xcconfig */,
				4E8CE222EA9D9EC2194C923C /* Pods-SpotifyPartyTests.debug.xcconfig */,
				F534E77D296C476E1A089E88 /* Pods-SpotifyPartyTests.release.xcconfig */,
			);
			path = Pods;
			sourceTree = "<group>";
		};
		A20342D636B225F7EE7647FB /* Frameworks */ = {
			isa = PBXGroup;
			children = (
				2FD4B58624BF99B4005380FD /* SpotifyiOS.framework */,
				4AA7ED302F86CE5E246E0B4F /* Pods_SpotifyParty.framework */,
				567B0D2168D64C3E98082C56 /* Pods_SpotifyParty_SpotifyPartyUITests.framework */,
				9652393B4DE5B8328CED638B /* Pods_SpotifyPartyTests.framework */,
			);
			name = Frameworks;
			sourceTree = "<group>";
		};
/* End PBXGroup section */

/* Begin PBXNativeTarget section */
		2F52815624BE2C4D00A52A95 /* SpotifyParty */ = {
			isa = PBXNativeTarget;
			buildConfigurationList = 2F52818624BE2C4F00A52A95 /* Build configuration list for PBXNativeTarget "SpotifyParty" */;
			buildPhases = (
				16176B31415AB6E66A63210F /* [CP] Check Pods Manifest.lock */,
				2F52815324BE2C4D00A52A95 /* Sources */,
				2F52815424BE2C4D00A52A95 /* Frameworks */,
				2F52815524BE2C4D00A52A95 /* Resources */,
				CB0FE8E1E24DFF0F9F60D371 /* [CP] Embed Pods Frameworks */,
			);
			buildRules = (
			);
			dependencies = (
			);
			name = SpotifyParty;
			productName = SpotifyParty;
			productReference = 2F52815724BE2C4D00A52A95 /* SpotifyParty.app */;
			productType = "com.apple.product-type.application";
		};
		2F52817124BE2C4F00A52A95 /* SpotifyPartyTests */ = {
			isa = PBXNativeTarget;
			buildConfigurationList = 2F52818924BE2C4F00A52A95 /* Build configuration list for PBXNativeTarget "SpotifyPartyTests" */;
			buildPhases = (
				FD8D68BDE5BD2EA4359A511F /* [CP] Check Pods Manifest.lock */,
				2F52816E24BE2C4F00A52A95 /* Sources */,
				2F52816F24BE2C4F00A52A95 /* Frameworks */,
				2F52817024BE2C4F00A52A95 /* Resources */,
			);
			buildRules = (
			);
			dependencies = (
				2F52817424BE2C4F00A52A95 /* PBXTargetDependency */,
			);
			name = SpotifyPartyTests;
			productName = SpotifyPartyTests;
			productReference = 2F52817224BE2C4F00A52A95 /* SpotifyPartyTests.xctest */;
			productType = "com.apple.product-type.bundle.unit-test";
		};
		2F52817C24BE2C4F00A52A95 /* SpotifyPartyUITests */ = {
			isa = PBXNativeTarget;
			buildConfigurationList = 2F52818C24BE2C4F00A52A95 /* Build configuration list for PBXNativeTarget "SpotifyPartyUITests" */;
			buildPhases = (
				5749C8DF91259D07BC9B74AC /* [CP] Check Pods Manifest.lock */,
				2F52817924BE2C4F00A52A95 /* Sources */,
				2F52817A24BE2C4F00A52A95 /* Frameworks */,
				2F52817B24BE2C4F00A52A95 /* Resources */,
				93E9EF87E6B9A220A9EB27C1 /* [CP] Embed Pods Frameworks */,
			);
			buildRules = (
			);
			dependencies = (
				2F52817F24BE2C4F00A52A95 /* PBXTargetDependency */,
			);
			name = SpotifyPartyUITests;
			productName = SpotifyPartyUITests;
			productReference = 2F52817D24BE2C4F00A52A95 /* SpotifyPartyUITests.xctest */;
			productType = "com.apple.product-type.bundle.ui-testing";
		};
/* End PBXNativeTarget section */

/* Begin PBXProject section */
		2F52814F24BE2C4D00A52A95 /* Project object */ = {
			isa = PBXProject;
			attributes = {
				LastUpgradeCheck = 1150;
				ORGANIZATIONNAME = DiegoRamirez;
				TargetAttributes = {
					2F52815624BE2C4D00A52A95 = {
						CreatedOnToolsVersion = 11.5;
					};
					2F52817124BE2C4F00A52A95 = {
						CreatedOnToolsVersion = 11.5;
						TestTargetID = 2F52815624BE2C4D00A52A95;
					};
					2F52817C24BE2C4F00A52A95 = {
						CreatedOnToolsVersion = 11.5;
						TestTargetID = 2F52815624BE2C4D00A52A95;
					};
					2F5F795224BF413B0076D66B = {
						CreatedOnToolsVersion = 11.5;
					};
				};
			};
			buildConfigurationList = 2F52815224BE2C4D00A52A95 /* Build configuration list for PBXProject "SpotifyParty" */;
			compatibilityVersion = "Xcode 9.3";
			developmentRegion = en;
			hasScannedForEncodings = 0;
			knownRegions = (
				en,
				Base,
			);
			mainGroup = 2F52814E24BE2C4D00A52A95;
			productRefGroup = 2F52815824BE2C4D00A52A95 /* Products */;
			projectDirPath = "";
			projectRoot = "";
			targets = (
				2F52815624BE2C4D00A52A95 /* SpotifyParty */,
				2F52817124BE2C4F00A52A95 /* SpotifyPartyTests */,
				2F52817C24BE2C4F00A52A95 /* SpotifyPartyUITests */,
				2F5F795224BF413B0076D66B /* OCLint */,
			);
		};
/* End PBXProject section */

/* Begin PBXResourcesBuildPhase section */
		2F52815524BE2C4D00A52A95 /* Resources */ = {
			isa = PBXResourcesBuildPhase;
			buildActionMask = 2147483647;
			files = (
				2F52816A24BE2C4E00A52A95 /* LaunchScreen.storyboard in Resources */,
				2F52816724BE2C4E00A52A95 /* Assets.xcassets in Resources */,
				2F52816524BE2C4D00A52A95 /* Main.storyboard in Resources */,
			);
			runOnlyForDeploymentPostprocessing = 0;
		};
		2F52817024BE2C4F00A52A95 /* Resources */ = {
			isa = PBXResourcesBuildPhase;
			buildActionMask = 2147483647;
			files = (
			);
			runOnlyForDeploymentPostprocessing = 0;
		};
		2F52817B24BE2C4F00A52A95 /* Resources */ = {
			isa = PBXResourcesBuildPhase;
			buildActionMask = 2147483647;
			files = (
			);
			runOnlyForDeploymentPostprocessing = 0;
		};
/* End PBXResourcesBuildPhase section */

/* Begin PBXShellScriptBuildPhase section */
		16176B31415AB6E66A63210F /* [CP] Check Pods Manifest.lock */ = {
			isa = PBXShellScriptBuildPhase;
			buildActionMask = 2147483647;
			files = (
			);
			inputFileListPaths = (
			);
			inputPaths = (
				"${PODS_PODFILE_DIR_PATH}/Podfile.lock",
				"${PODS_ROOT}/Manifest.lock",
			);
			name = "[CP] Check Pods Manifest.lock";
			outputFileListPaths = (
			);
			outputPaths = (
				"$(DERIVED_FILE_DIR)/Pods-SpotifyParty-checkManifestLockResult.txt",
			);
			runOnlyForDeploymentPostprocessing = 0;
			shellPath = /bin/sh;
			shellScript = "diff \"${PODS_PODFILE_DIR_PATH}/Podfile.lock\" \"${PODS_ROOT}/Manifest.lock\" > /dev/null\nif [ $? != 0 ] ; then\n    # print error to STDERR\n    echo \"error: The sandbox is not in sync with the Podfile.lock. Run 'pod install' or update your CocoaPods installation.\" >&2\n    exit 1\nfi\n# This output is used by Xcode 'outputs' to avoid re-running this script phase.\necho \"SUCCESS\" > \"${SCRIPT_OUTPUT_FILE_0}\"\n";
			showEnvVarsInLog = 0;
		};
		2F5F795624BF41490076D66B /* ShellScript */ = {
			isa = PBXShellScriptBuildPhase;
			buildActionMask = 2147483647;
			files = (
			);
			inputFileListPaths = (
			);
			inputPaths = (
			);
			outputFileListPaths = (
			);
			outputPaths = (
			);
			runOnlyForDeploymentPostprocessing = 0;
			shellPath = /bin/sh;
			shellScript = "# Type a script or drag a script file from your workspace to insert its path.\nsource ~/.bash_profile\ncd ${SRCROOT}\nxcodebuild clean\nxcodebuild -workspace SpotifyParty.xcworkspace -scheme SpotifyParty | tee xcodebuild.log | xcpretty -r json-compilation-database -o compile_commands.json\noclint-json-compilation-database -report-type html  -- -v -e Pods oclint_args \\\n\"-max-priority-1=$maxPriority -max-priority-2=$maxPriority \\\n-max-priority-3=$maxPriority -rc LONG_LINE=500 \\\n-rc LONG_VARIABLE_NAME=100  -disable-rule=UnusedMethodParameter\" \\\n| sed 's/\\(.*\\.\\m\\{1,2\\}:[0-9]*:[0-9]*:\\)/\\1 warning:/'  \n";
		};
		5749C8DF91259D07BC9B74AC /* [CP] Check Pods Manifest.lock */ = {
			isa = PBXShellScriptBuildPhase;
			buildActionMask = 2147483647;
			files = (
			);
			inputFileListPaths = (
			);
			inputPaths = (
				"${PODS_PODFILE_DIR_PATH}/Podfile.lock",
				"${PODS_ROOT}/Manifest.lock",
			);
			name = "[CP] Check Pods Manifest.lock";
			outputFileListPaths = (
			);
			outputPaths = (
				"$(DERIVED_FILE_DIR)/Pods-SpotifyParty-SpotifyPartyUITests-checkManifestLockResult.txt",
			);
			runOnlyForDeploymentPostprocessing = 0;
			shellPath = /bin/sh;
			shellScript = "diff \"${PODS_PODFILE_DIR_PATH}/Podfile.lock\" \"${PODS_ROOT}/Manifest.lock\" > /dev/null\nif [ $? != 0 ] ; then\n    # print error to STDERR\n    echo \"error: The sandbox is not in sync with the Podfile.lock. Run 'pod install' or update your CocoaPods installation.\" >&2\n    exit 1\nfi\n# This output is used by Xcode 'outputs' to avoid re-running this script phase.\necho \"SUCCESS\" > \"${SCRIPT_OUTPUT_FILE_0}\"\n";
			showEnvVarsInLog = 0;
		};
		93E9EF87E6B9A220A9EB27C1 /* [CP] Embed Pods Frameworks */ = {
			isa = PBXShellScriptBuildPhase;
			buildActionMask = 2147483647;
			files = (
			);
			inputFileListPaths = (
				"${PODS_ROOT}/Target Support Files/Pods-SpotifyParty-SpotifyPartyUITests/Pods-SpotifyParty-SpotifyPartyUITests-frameworks-${CONFIGURATION}-input-files.xcfilelist",
			);
			name = "[CP] Embed Pods Frameworks";
			outputFileListPaths = (
				"${PODS_ROOT}/Target Support Files/Pods-SpotifyParty-SpotifyPartyUITests/Pods-SpotifyParty-SpotifyPartyUITests-frameworks-${CONFIGURATION}-output-files.xcfilelist",
			);
			runOnlyForDeploymentPostprocessing = 0;
			shellPath = /bin/sh;
			shellScript = "\"${PODS_ROOT}/Target Support Files/Pods-SpotifyParty-SpotifyPartyUITests/Pods-SpotifyParty-SpotifyPartyUITests-frameworks.sh\"\n";
			showEnvVarsInLog = 0;
		};
		CB0FE8E1E24DFF0F9F60D371 /* [CP] Embed Pods Frameworks */ = {
			isa = PBXShellScriptBuildPhase;
			buildActionMask = 2147483647;
			files = (
			);
			inputFileListPaths = (
				"${PODS_ROOT}/Target Support Files/Pods-SpotifyParty/Pods-SpotifyParty-frameworks-${CONFIGURATION}-input-files.xcfilelist",
			);
			name = "[CP] Embed Pods Frameworks";
			outputFileListPaths = (
				"${PODS_ROOT}/Target Support Files/Pods-SpotifyParty/Pods-SpotifyParty-frameworks-${CONFIGURATION}-output-files.xcfilelist",
			);
			runOnlyForDeploymentPostprocessing = 0;
			shellPath = /bin/sh;
			shellScript = "\"${PODS_ROOT}/Target Support Files/Pods-SpotifyParty/Pods-SpotifyParty-frameworks.sh\"\n";
			showEnvVarsInLog = 0;
		};
		FD8D68BDE5BD2EA4359A511F /* [CP] Check Pods Manifest.lock */ = {
			isa = PBXShellScriptBuildPhase;
			buildActionMask = 2147483647;
			files = (
			);
			inputFileListPaths = (
			);
			inputPaths = (
				"${PODS_PODFILE_DIR_PATH}/Podfile.lock",
				"${PODS_ROOT}/Manifest.lock",
			);
			name = "[CP] Check Pods Manifest.lock";
			outputFileListPaths = (
			);
			outputPaths = (
				"$(DERIVED_FILE_DIR)/Pods-SpotifyPartyTests-checkManifestLockResult.txt",
			);
			runOnlyForDeploymentPostprocessing = 0;
			shellPath = /bin/sh;
			shellScript = "diff \"${PODS_PODFILE_DIR_PATH}/Podfile.lock\" \"${PODS_ROOT}/Manifest.lock\" > /dev/null\nif [ $? != 0 ] ; then\n    # print error to STDERR\n    echo \"error: The sandbox is not in sync with the Podfile.lock. Run 'pod install' or update your CocoaPods installation.\" >&2\n    exit 1\nfi\n# This output is used by Xcode 'outputs' to avoid re-running this script phase.\necho \"SUCCESS\" > \"${SCRIPT_OUTPUT_FILE_0}\"\n";
			showEnvVarsInLog = 0;
		};
/* End PBXShellScriptBuildPhase section */

/* Begin PBXSourcesBuildPhase section */
		2F52815324BE2C4D00A52A95 /* Sources */ = {
			isa = PBXSourcesBuildPhase;
			buildActionMask = 2147483647;
			files = (
				2F7F77C424CFA95E002C64F8 /* Song.m in Sources */,
				2F1015F924C76F0E00F1C78F /* User.m in Sources */,
				2F7F77C724CFBC10002C64F8 /* SongTableViewCell.m in Sources */,
				2F4611C624D223E000B5B542 /* AddedSongs.m in Sources */,
				2F1D584424BE81A40035283A /* LoginViewController.m in Sources */,
				2F10160224C7C6F300F1C78F /* EventTableViewCell.m in Sources */,
				2F1015FF24C7C55400F1C78F /* FindEventsViewController.m in Sources */,
				2F7C295424D0C438005EC324 /* HostViewController.m in Sources */,
				2FFA2C8D24C9EE30005D44F8 /* APIManager.m in Sources */,
				2F1015F324C6072B00F1C78F /* NewEventViewController.m in Sources */,
				2F09814F24D892B700B442FC /* EventQueue.m in Sources */,
				2F52815C24BE2C4D00A52A95 /* AppDelegate.m in Sources */,
				2F65469924D73DC6007A6B2D /* EventHostViewController.m in Sources */,
				2F6C8FAF24CA4B9E004D5932 /* Playlist.m in Sources */,
				2F52816D24BE2C4E00A52A95 /* main.m in Sources */,
				2FE1E9D024CBA0440082D96C /* EventViewController.m in Sources */,
				2F52815F24BE2C4D00A52A95 /* SceneDelegate.m in Sources */,
				2F1015FC24C77A1300F1C78F /* Event.m in Sources */,
			);
			runOnlyForDeploymentPostprocessing = 0;
		};
		2F52816E24BE2C4F00A52A95 /* Sources */ = {
			isa = PBXSourcesBuildPhase;
			buildActionMask = 2147483647;
			files = (
				2F52817724BE2C4F00A52A95 /* SpotifyPartyTests.m in Sources */,
			);
			runOnlyForDeploymentPostprocessing = 0;
		};
		2F52817924BE2C4F00A52A95 /* Sources */ = {
			isa = PBXSourcesBuildPhase;
			buildActionMask = 2147483647;
			files = (
				2F52818224BE2C4F00A52A95 /* SpotifyPartyUITests.m in Sources */,
			);
			runOnlyForDeploymentPostprocessing = 0;
		};
/* End PBXSourcesBuildPhase section */

/* Begin PBXTargetDependency section */
		2F52817424BE2C4F00A52A95 /* PBXTargetDependency */ = {
			isa = PBXTargetDependency;
			target = 2F52815624BE2C4D00A52A95 /* SpotifyParty */;
			targetProxy = 2F52817324BE2C4F00A52A95 /* PBXContainerItemProxy */;
		};
		2F52817F24BE2C4F00A52A95 /* PBXTargetDependency */ = {
			isa = PBXTargetDependency;
			target = 2F52815624BE2C4D00A52A95 /* SpotifyParty */;
			targetProxy = 2F52817E24BE2C4F00A52A95 /* PBXContainerItemProxy */;
		};
/* End PBXTargetDependency section */

/* Begin PBXVariantGroup section */
		2F52816324BE2C4D00A52A95 /* Main.storyboard */ = {
			isa = PBXVariantGroup;
			children = (
				2F52816424BE2C4D00A52A95 /* Base */,
			);
			name = Main.storyboard;
			sourceTree = "<group>";
		};
		2F52816824BE2C4E00A52A95 /* LaunchScreen.storyboard */ = {
			isa = PBXVariantGroup;
			children = (
				2F52816924BE2C4E00A52A95 /* Base */,
			);
			name = LaunchScreen.storyboard;
			sourceTree = "<group>";
		};
/* End PBXVariantGroup section */

/* Begin XCBuildConfiguration section */
		2F52818424BE2C4F00A52A95 /* Debug */ = {
			isa = XCBuildConfiguration;
			buildSettings = {
				ALWAYS_SEARCH_USER_PATHS = NO;
				CLANG_ANALYZER_NONNULL = YES;
				CLANG_ANALYZER_NUMBER_OBJECT_CONVERSION = YES_AGGRESSIVE;
				CLANG_CXX_LANGUAGE_STANDARD = "gnu++14";
				CLANG_CXX_LIBRARY = "libc++";
				CLANG_ENABLE_MODULES = YES;
				CLANG_ENABLE_OBJC_ARC = YES;
				CLANG_ENABLE_OBJC_WEAK = YES;
				CLANG_WARN_BLOCK_CAPTURE_AUTORELEASING = YES;
				CLANG_WARN_BOOL_CONVERSION = YES;
				CLANG_WARN_COMMA = YES;
				CLANG_WARN_CONSTANT_CONVERSION = YES;
				CLANG_WARN_DEPRECATED_OBJC_IMPLEMENTATIONS = YES;
				CLANG_WARN_DIRECT_OBJC_ISA_USAGE = YES_ERROR;
				CLANG_WARN_DOCUMENTATION_COMMENTS = YES;
				CLANG_WARN_EMPTY_BODY = YES;
				CLANG_WARN_ENUM_CONVERSION = YES;
				CLANG_WARN_INFINITE_RECURSION = YES;
				CLANG_WARN_INT_CONVERSION = YES;
				CLANG_WARN_NON_LITERAL_NULL_CONVERSION = YES;
				CLANG_WARN_OBJC_IMPLICIT_RETAIN_SELF = YES;
				CLANG_WARN_OBJC_LITERAL_CONVERSION = YES;
				CLANG_WARN_OBJC_ROOT_CLASS = YES_ERROR;
				CLANG_WARN_RANGE_LOOP_ANALYSIS = YES;
				CLANG_WARN_STRICT_PROTOTYPES = YES;
				CLANG_WARN_SUSPICIOUS_MOVE = YES;
				CLANG_WARN_UNGUARDED_AVAILABILITY = YES_AGGRESSIVE;
				CLANG_WARN_UNREACHABLE_CODE = YES;
				CLANG_WARN__DUPLICATE_METHOD_MATCH = YES;
				COPY_PHASE_STRIP = NO;
				DEBUG_INFORMATION_FORMAT = dwarf;
				ENABLE_STRICT_OBJC_MSGSEND = YES;
				ENABLE_TESTABILITY = YES;
				GCC_C_LANGUAGE_STANDARD = gnu11;
				GCC_DYNAMIC_NO_PIC = NO;
				GCC_NO_COMMON_BLOCKS = YES;
				GCC_OPTIMIZATION_LEVEL = 0;
				GCC_PREPROCESSOR_DEFINITIONS = (
					"DEBUG=1",
					"$(inherited)",
				);
				GCC_WARN_64_TO_32_BIT_CONVERSION = YES;
				GCC_WARN_ABOUT_RETURN_TYPE = YES_ERROR;
				GCC_WARN_UNDECLARED_SELECTOR = YES;
				GCC_WARN_UNINITIALIZED_AUTOS = YES_AGGRESSIVE;
				GCC_WARN_UNUSED_FUNCTION = YES;
				GCC_WARN_UNUSED_VARIABLE = YES;
				IPHONEOS_DEPLOYMENT_TARGET = 13.5;
				MTL_ENABLE_DEBUG_INFO = INCLUDE_SOURCE;
				MTL_FAST_MATH = YES;
				ONLY_ACTIVE_ARCH = YES;
				SDKROOT = iphoneos;
			};
			name = Debug;
		};
		2F52818524BE2C4F00A52A95 /* Release */ = {
			isa = XCBuildConfiguration;
			buildSettings = {
				ALWAYS_SEARCH_USER_PATHS = NO;
				CLANG_ANALYZER_NONNULL = YES;
				CLANG_ANALYZER_NUMBER_OBJECT_CONVERSION = YES_AGGRESSIVE;
				CLANG_CXX_LANGUAGE_STANDARD = "gnu++14";
				CLANG_CXX_LIBRARY = "libc++";
				CLANG_ENABLE_MODULES = YES;
				CLANG_ENABLE_OBJC_ARC = YES;
				CLANG_ENABLE_OBJC_WEAK = YES;
				CLANG_WARN_BLOCK_CAPTURE_AUTORELEASING = YES;
				CLANG_WARN_BOOL_CONVERSION = YES;
				CLANG_WARN_COMMA = YES;
				CLANG_WARN_CONSTANT_CONVERSION = YES;
				CLANG_WARN_DEPRECATED_OBJC_IMPLEMENTATIONS = YES;
				CLANG_WARN_DIRECT_OBJC_ISA_USAGE = YES_ERROR;
				CLANG_WARN_DOCUMENTATION_COMMENTS = YES;
				CLANG_WARN_EMPTY_BODY = YES;
				CLANG_WARN_ENUM_CONVERSION = YES;
				CLANG_WARN_INFINITE_RECURSION = YES;
				CLANG_WARN_INT_CONVERSION = YES;
				CLANG_WARN_NON_LITERAL_NULL_CONVERSION = YES;
				CLANG_WARN_OBJC_IMPLICIT_RETAIN_SELF = YES;
				CLANG_WARN_OBJC_LITERAL_CONVERSION = YES;
				CLANG_WARN_OBJC_ROOT_CLASS = YES_ERROR;
				CLANG_WARN_RANGE_LOOP_ANALYSIS = YES;
				CLANG_WARN_STRICT_PROTOTYPES = YES;
				CLANG_WARN_SUSPICIOUS_MOVE = YES;
				CLANG_WARN_UNGUARDED_AVAILABILITY = YES_AGGRESSIVE;
				CLANG_WARN_UNREACHABLE_CODE = YES;
				CLANG_WARN__DUPLICATE_METHOD_MATCH = YES;
				COPY_PHASE_STRIP = NO;
				DEBUG_INFORMATION_FORMAT = "dwarf-with-dsym";
				ENABLE_NS_ASSERTIONS = NO;
				ENABLE_STRICT_OBJC_MSGSEND = YES;
				GCC_C_LANGUAGE_STANDARD = gnu11;
				GCC_NO_COMMON_BLOCKS = YES;
				GCC_WARN_64_TO_32_BIT_CONVERSION = YES;
				GCC_WARN_ABOUT_RETURN_TYPE = YES_ERROR;
				GCC_WARN_UNDECLARED_SELECTOR = YES;
				GCC_WARN_UNINITIALIZED_AUTOS = YES_AGGRESSIVE;
				GCC_WARN_UNUSED_FUNCTION = YES;
				GCC_WARN_UNUSED_VARIABLE = YES;
				IPHONEOS_DEPLOYMENT_TARGET = 13.5;
				MTL_ENABLE_DEBUG_INFO = NO;
				MTL_FAST_MATH = YES;
				SDKROOT = iphoneos;
				VALIDATE_PRODUCT = YES;
			};
			name = Release;
		};
		2F52818724BE2C4F00A52A95 /* Debug */ = {
			isa = XCBuildConfiguration;
			baseConfigurationReference = C157C646ADD97EBDD7485FA4 /* Pods-SpotifyParty.debug.xcconfig */;
			buildSettings = {
				ASSETCATALOG_COMPILER_APPICON_NAME = AppIcon;
				CODE_SIGN_STYLE = Automatic;
				DEVELOPMENT_TEAM = HJJJ25GZT2;
				FRAMEWORK_SEARCH_PATHS = (
					"$(inherited)",
					"$(PROJECT_DIR)",
				);
				INFOPLIST_FILE = SpotifyParty/Info.plist;
				LD_RUNPATH_SEARCH_PATHS = (
					"$(inherited)",
					"@executable_path/Frameworks",
				);
				OTHER_LDFLAGS = (
					"$(inherited)",
					"-l\"sqlite3\"",
					"-l\"z\"",
					"-framework",
					"\"AudioToolbox\"",
					"-framework",
					"\"Bolts\"",
					"-framework",
					"\"CFNetwork\"",
					"-framework",
					"\"CoreGraphics\"",
					"-framework",
					"\"CoreLocation\"",
					"-framework",
					"\"Parse\"",
					"-framework",
					"\"QuartzCore\"",
					"-framework",
					"\"Security\"",
					"-framework",
					"\"StoreKit\"",
					"-framework",
					"\"SystemConfiguration\"",
					"-weak_framework",
					"\"Accounts\"",
					"-weak_framework",
					"\"Social\"",
					"-ObjC",
				);
				PRODUCT_BUNDLE_IDENTIFIER = com.diegojrr.SpotifyParty;
				PRODUCT_NAME = "$(TARGET_NAME)";
				TARGETED_DEVICE_FAMILY = "1,2";
			};
			name = Debug;
		};
		2F52818824BE2C4F00A52A95 /* Release */ = {
			isa = XCBuildConfiguration;
			baseConfigurationReference = 3E5562773B6C0EFEE8FD6B16 /* Pods-SpotifyParty.release.xcconfig */;
			buildSettings = {
				ASSETCATALOG_COMPILER_APPICON_NAME = AppIcon;
				CODE_SIGN_STYLE = Automatic;
				DEVELOPMENT_TEAM = HJJJ25GZT2;
				FRAMEWORK_SEARCH_PATHS = (
					"$(inherited)",
					"$(PROJECT_DIR)",
				);
				INFOPLIST_FILE = SpotifyParty/Info.plist;
				LD_RUNPATH_SEARCH_PATHS = (
					"$(inherited)",
					"@executable_path/Frameworks",
				);
				OTHER_LDFLAGS = (
					"$(inherited)",
					"-l\"sqlite3\"",
					"-l\"z\"",
					"-framework",
					"\"AudioToolbox\"",
					"-framework",
					"\"Bolts\"",
					"-framework",
					"\"CFNetwork\"",
					"-framework",
					"\"CoreGraphics\"",
					"-framework",
					"\"CoreLocation\"",
					"-framework",
					"\"Parse\"",
					"-framework",
					"\"QuartzCore\"",
					"-framework",
					"\"Security\"",
					"-framework",
					"\"StoreKit\"",
					"-framework",
					"\"SystemConfiguration\"",
					"-weak_framework",
					"\"Accounts\"",
					"-weak_framework",
					"\"Social\"",
					"-ObjC",
				);
				PRODUCT_BUNDLE_IDENTIFIER = com.diegojrr.SpotifyParty;
				PRODUCT_NAME = "$(TARGET_NAME)";
				TARGETED_DEVICE_FAMILY = "1,2";
			};
			name = Release;
		};
		2F52818A24BE2C4F00A52A95 /* Debug */ = {
			isa = XCBuildConfiguration;
			baseConfigurationReference = 4E8CE222EA9D9EC2194C923C /* Pods-SpotifyPartyTests.debug.xcconfig */;
			buildSettings = {
				BUNDLE_LOADER = "$(TEST_HOST)";
				CODE_SIGN_STYLE = Automatic;
				DEVELOPMENT_TEAM = HJJJ25GZT2;
				INFOPLIST_FILE = SpotifyPartyTests/Info.plist;
				IPHONEOS_DEPLOYMENT_TARGET = 13.5;
				LD_RUNPATH_SEARCH_PATHS = (
					"$(inherited)",
					"@executable_path/Frameworks",
					"@loader_path/Frameworks",
				);
				PRODUCT_BUNDLE_IDENTIFIER = com.diegojrr.SpotifyPartyTests;
				PRODUCT_NAME = "$(TARGET_NAME)";
				TARGETED_DEVICE_FAMILY = "1,2";
				TEST_HOST = "$(BUILT_PRODUCTS_DIR)/SpotifyParty.app/SpotifyParty";
			};
			name = Debug;
		};
		2F52818B24BE2C4F00A52A95 /* Release */ = {
			isa = XCBuildConfiguration;
			baseConfigurationReference = F534E77D296C476E1A089E88 /* Pods-SpotifyPartyTests.release.xcconfig */;
			buildSettings = {
				BUNDLE_LOADER = "$(TEST_HOST)";
				CODE_SIGN_STYLE = Automatic;
				DEVELOPMENT_TEAM = HJJJ25GZT2;
				INFOPLIST_FILE = SpotifyPartyTests/Info.plist;
				IPHONEOS_DEPLOYMENT_TARGET = 13.5;
				LD_RUNPATH_SEARCH_PATHS = (
					"$(inherited)",
					"@executable_path/Frameworks",
					"@loader_path/Frameworks",
				);
				PRODUCT_BUNDLE_IDENTIFIER = com.diegojrr.SpotifyPartyTests;
				PRODUCT_NAME = "$(TARGET_NAME)";
				TARGETED_DEVICE_FAMILY = "1,2";
				TEST_HOST = "$(BUILT_PRODUCTS_DIR)/SpotifyParty.app/SpotifyParty";
			};
			name = Release;
		};
		2F52818D24BE2C4F00A52A95 /* Debug */ = {
			isa = XCBuildConfiguration;
			baseConfigurationReference = 28D92334B4D60C9F05FF1723 /* Pods-SpotifyParty-SpotifyPartyUITests.debug.xcconfig */;
			buildSettings = {
				CODE_SIGN_STYLE = Automatic;
				DEVELOPMENT_TEAM = HJJJ25GZT2;
				INFOPLIST_FILE = SpotifyPartyUITests/Info.plist;
				LD_RUNPATH_SEARCH_PATHS = (
					"$(inherited)",
					"@executable_path/Frameworks",
					"@loader_path/Frameworks",
				);
				PRODUCT_BUNDLE_IDENTIFIER = com.diegojrr.SpotifyPartyUITests;
				PRODUCT_NAME = "$(TARGET_NAME)";
				TARGETED_DEVICE_FAMILY = "1,2";
				TEST_TARGET_NAME = SpotifyParty;
			};
			name = Debug;
		};
		2F52818E24BE2C4F00A52A95 /* Release */ = {
			isa = XCBuildConfiguration;
			baseConfigurationReference = 2E0DBB422C8DD9DB248F673F /* Pods-SpotifyParty-SpotifyPartyUITests.release.xcconfig */;
			buildSettings = {
				CODE_SIGN_STYLE = Automatic;
				DEVELOPMENT_TEAM = HJJJ25GZT2;
				INFOPLIST_FILE = SpotifyPartyUITests/Info.plist;
				LD_RUNPATH_SEARCH_PATHS = (
					"$(inherited)",
					"@executable_path/Frameworks",
					"@loader_path/Frameworks",
				);
				PRODUCT_BUNDLE_IDENTIFIER = com.diegojrr.SpotifyPartyUITests;
				PRODUCT_NAME = "$(TARGET_NAME)";
				TARGETED_DEVICE_FAMILY = "1,2";
				TEST_TARGET_NAME = SpotifyParty;
			};
			name = Release;
		};
		2F5F795424BF413B0076D66B /* Debug */ = {
			isa = XCBuildConfiguration;
			buildSettings = {
				CODE_SIGN_STYLE = Automatic;
				DEVELOPMENT_TEAM = HJJJ25GZT2;
				PRODUCT_NAME = "$(TARGET_NAME)";
			};
			name = Debug;
		};
		2F5F795524BF413B0076D66B /* Release */ = {
			isa = XCBuildConfiguration;
			buildSettings = {
				CODE_SIGN_STYLE = Automatic;
				DEVELOPMENT_TEAM = HJJJ25GZT2;
				PRODUCT_NAME = "$(TARGET_NAME)";
			};
			name = Release;
		};
/* End XCBuildConfiguration section */

/* Begin XCConfigurationList section */
		2F52815224BE2C4D00A52A95 /* Build configuration list for PBXProject "SpotifyParty" */ = {
			isa = XCConfigurationList;
			buildConfigurations = (
				2F52818424BE2C4F00A52A95 /* Debug */,
				2F52818524BE2C4F00A52A95 /* Release */,
			);
			defaultConfigurationIsVisible = 0;
			defaultConfigurationName = Release;
		};
		2F52818624BE2C4F00A52A95 /* Build configuration list for PBXNativeTarget "SpotifyParty" */ = {
			isa = XCConfigurationList;
			buildConfigurations = (
				2F52818724BE2C4F00A52A95 /* Debug */,
				2F52818824BE2C4F00A52A95 /* Release */,
			);
			defaultConfigurationIsVisible = 0;
			defaultConfigurationName = Release;
		};
		2F52818924BE2C4F00A52A95 /* Build configuration list for PBXNativeTarget "SpotifyPartyTests" */ = {
			isa = XCConfigurationList;
			buildConfigurations = (
				2F52818A24BE2C4F00A52A95 /* Debug */,
				2F52818B24BE2C4F00A52A95 /* Release */,
			);
			defaultConfigurationIsVisible = 0;
			defaultConfigurationName = Release;
		};
		2F52818C24BE2C4F00A52A95 /* Build configuration list for PBXNativeTarget "SpotifyPartyUITests" */ = {
			isa = XCConfigurationList;
			buildConfigurations = (
				2F52818D24BE2C4F00A52A95 /* Debug */,
				2F52818E24BE2C4F00A52A95 /* Release */,
			);
			defaultConfigurationIsVisible = 0;
			defaultConfigurationName = Release;
		};
		2F5F795324BF413B0076D66B /* Build configuration list for PBXAggregateTarget "OCLint" */ = {
			isa = XCConfigurationList;
			buildConfigurations = (
				2F5F795424BF413B0076D66B /* Debug */,
				2F5F795524BF413B0076D66B /* Release */,
			);
			defaultConfigurationIsVisible = 0;
			defaultConfigurationName = Release;
		};
/* End XCConfigurationList section */
	};
	rootObject = 2F52814F24BE2C4D00A52A95 /* Project object */;
}
